{
  "pins" : [
    {
      "identity" : "hw-transport-ios-ble",
      "kind" : "remoteSourceControl",
      "location" : "https://github.com/LedgerHQ/hw-transport-ios-ble",
      "state" : {
        "branch" : "main",
        "revision" : "57fc91aa31a8471bcaccb0873eee4fb41059e10d"
      }
    },
    {
      "identity" : "ios-ble-wrapper",
      "kind" : "remoteSourceControl",
      "location" : "https://github.com/LedgerHQ/ios-ble-wrapper",
      "state" : {
        "branch" : "main",
        "revision" : "3e1686faa9c82d106e3fab71b48abadc6dacba75"
      }
    }
  ],
  "version" : 2
}
