{
  "pins" : [
    {
      "identity" : "bluejay",
      "kind" : "remoteSourceControl",
      "location" : "https://github.com/harrisonf-ledger/bluejay",
      "state" : {
        "branch" : "multiplatform",
        "revision" : "20eac767b8404f6e97eba341395bd0c7f3f3d2d6"
      }
    },
    {
      "identity" : "hw-transport-ios-ble",
      "kind" : "remoteSourceControl",
      "location" : "https://github.com/LedgerHQ/hw-transport-ios-ble",
      "state" : {
        "branch" : "disable-background-error",
        "revision" : "f7ae73aed42601f72a94576ae176612178591d40"
      }
    },
    {
      "identity" : "ios-ble-wrapper",
      "kind" : "remoteSourceControl",
      "location" : "https://github.com/LedgerHQ/ios-ble-wrapper",
      "state" : {
        "branch" : "main",
        "revision" : "6584aa05ae107644067a23c210f3ff9c62809192"
      }
    }
  ],
  "version" : 2
}
