{
  "pins" : [
    {
      "identity" : "hw-transport-ios-ble",
      "kind" : "remoteSourceControl",
      "location" : "https://github.com/LedgerHQ/hw-transport-ios-ble",
      "state" : {
        "revision" : "4df8fff21c1738a1dff4d2ee19175dd3263d6c5f",
        "version" : "1.0.1"
      }
    },
    {
      "identity" : "ios-ble-wrapper",
      "kind" : "remoteSourceControl",
      "location" : "https://github.com/LedgerHQ/ios-ble-wrapper",
      "state" : {
        "revision" : "39ee35508caf3408416eec8a566008c4532d1640",
        "version" : "1.0.1"
      }
    }
  ],
  "version" : 2
}
