// !$*UTF8*$!
{
	archiveVersion = 1;
	classes = {
	};
	objectVersion = 55;
	objects = {

/* Begin PBXBuildFile section */
		846618292A4ECA8D00EEEAFE /* ContentView.swift in Sources */ = {isa = PBXBuildFile; fileRef = 846618282A4ECA8D00EEEAFE /* ContentView.swift */; };
		846618622A4ECB4A00EEEAFE /* DemoApp.swift in Sources */ = {isa = PBXBuildFile; fileRef = 846618612A4ECB4A00EEEAFE /* DemoApp.swift */; };
		846618642A4ED97F00EEEAFE /* DeviceManager.swift in Sources */ = {isa = PBXBuildFile; fileRef = 846618632A4ED97F00EEEAFE /* DeviceManager.swift */; };
		846618662A4ED99500EEEAFE /* LogManager.swift in Sources */ = {isa = PBXBuildFile; fileRef = 846618652A4ED99500EEEAFE /* LogManager.swift */; };
		846618682A4EDC0800EEEAFE /* ButtonView.swift in Sources */ = {isa = PBXBuildFile; fileRef = 846618672A4EDC0800EEEAFE /* ButtonView.swift */; };
		8466186A2A4EDC4D00EEEAFE /* DelayedAnimation.swift in Sources */ = {isa = PBXBuildFile; fileRef = 846618692A4EDC4D00EEEAFE /* DelayedAnimation.swift */; };
		930EEE8E2875DCBC0002BBF0 /* Assets.xcassets in Resources */ = {isa = PBXBuildFile; fileRef = 930EEE8D2875DCBC0002BBF0 /* Assets.xcassets */; };
		935C9E2728F76F51003AB05C /* EthWrapper in Frameworks */ = {isa = PBXBuildFile; productRef = 935C9E2628F76F51003AB05C /* EthWrapper */; };
/* End PBXBuildFile section */

/* Begin PBXFileReference section */
		846618282A4ECA8D00EEEAFE /* ContentView.swift */ = {isa = PBXFileReference; lastKnownFileType = sourcecode.swift; path = ContentView.swift; sourceTree = "<group>"; };
		846618612A4ECB4A00EEEAFE /* DemoApp.swift */ = {isa = PBXFileReference; lastKnownFileType = sourcecode.swift; path = DemoApp.swift; sourceTree = "<group>"; };
		846618632A4ED97F00EEEAFE /* DeviceManager.swift */ = {isa = PBXFileReference; lastKnownFileType = sourcecode.swift; path = DeviceManager.swift; sourceTree = "<group>"; };
		846618652A4ED99500EEEAFE /* LogManager.swift */ = {isa = PBXFileReference; lastKnownFileType = sourcecode.swift; path = LogManager.swift; sourceTree = "<group>"; };
		846618672A4EDC0800EEEAFE /* ButtonView.swift */ = {isa = PBXFileReference; lastKnownFileType = sourcecode.swift; path = ButtonView.swift; sourceTree = "<group>"; };
		846618692A4EDC4D00EEEAFE /* DelayedAnimation.swift */ = {isa = PBXFileReference; lastKnownFileType = sourcecode.swift; path = DelayedAnimation.swift; sourceTree = "<group>"; };
		930EEE812875DCBB0002BBF0 /* EthereumWrapperDemo.app */ = {isa = PBXFileReference; explicitFileType = wrapper.application; includeInIndex = 0; path = EthereumWrapperDemo.app; sourceTree = BUILT_PRODUCTS_DIR; };
		930EEE8D2875DCBC0002BBF0 /* Assets.xcassets */ = {isa = PBXFileReference; lastKnownFileType = folder.assetcatalog; path = Assets.xcassets; sourceTree = "<group>"; };
		930EEE992875DCDC0002BBF0 /* EthereumWrapper */ = {isa = PBXFileReference; lastKnownFileType = wrapper; name = EthereumWrapper; path = ..; sourceTree = "<group>"; };
/* End PBXFileReference section */

/* Begin PBXFrameworksBuildPhase section */
		930EEE7E2875DCBB0002BBF0 /* Frameworks */ = {
			isa = PBXFrameworksBuildPhase;
			buildActionMask = 2147483647;
			files = (
				935C9E2728F76F51003AB05C /* EthWrapper in Frameworks */,
			);
			runOnlyForDeploymentPostprocessing = 0;
		};
/* End PBXFrameworksBuildPhase section */

/* Begin PBXGroup section */
		930EEE782875DCBB0002BBF0 = {
			isa = PBXGroup;
			children = (
				930EEE982875DCDC0002BBF0 /* Packages */,
				930EEE832875DCBB0002BBF0 /* EthereumWrapperDemo */,
				930EEE822875DCBB0002BBF0 /* Products */,
				930EEE9A2875DCF00002BBF0 /* Frameworks */,
			);
			sourceTree = "<group>";
		};
		930EEE822875DCBB0002BBF0 /* Products */ = {
			isa = PBXGroup;
			children = (
				930EEE812875DCBB0002BBF0 /* EthereumWrapperDemo.app */,
			);
			name = Products;
			sourceTree = "<group>";
		};
		930EEE832875DCBB0002BBF0 /* EthereumWrapperDemo */ = {
			isa = PBXGroup;
			children = (
				846618612A4ECB4A00EEEAFE /* DemoApp.swift */,
				846618282A4ECA8D00EEEAFE /* ContentView.swift */,
				846618652A4ED99500EEEAFE /* LogManager.swift */,
				846618632A4ED97F00EEEAFE /* DeviceManager.swift */,
				846618672A4EDC0800EEEAFE /* ButtonView.swift */,
				846618692A4EDC4D00EEEAFE /* DelayedAnimation.swift */,
				930EEE8D2875DCBC0002BBF0 /* Assets.xcassets */,
			);
			path = EthereumWrapperDemo;
			sourceTree = "<group>";
		};
		930EEE982875DCDC0002BBF0 /* Packages */ = {
			isa = PBXGroup;
			children = (
				930EEE992875DCDC0002BBF0 /* EthereumWrapper */,
			);
			name = Packages;
			sourceTree = "<group>";
		};
		930EEE9A2875DCF00002BBF0 /* Frameworks */ = {
			isa = PBXGroup;
			children = (
			);
			name = Frameworks;
			sourceTree = "<group>";
		};
/* End PBXGroup section */

/* Begin PBXNativeTarget section */
		930EEE802875DCBB0002BBF0 /* EthereumWrapperDemo */ = {
			isa = PBXNativeTarget;
			buildConfigurationList = 930EEE952875DCBC0002BBF0 /* Build configuration list for PBXNativeTarget "EthereumWrapperDemo" */;
			buildPhases = (
				930EEE7D2875DCBB0002BBF0 /* Sources */,
				930EEE7E2875DCBB0002BBF0 /* Frameworks */,
				930EEE7F2875DCBB0002BBF0 /* Resources */,
			);
			buildRules = (
			);
			dependencies = (
			);
			name = EthereumWrapperDemo;
			packageProductDependencies = (
				935C9E2628F76F51003AB05C /* EthWrapper */,
			);
			productName = EthereumWrapperDemo;
			productReference = 930EEE812875DCBB0002BBF0 /* EthereumWrapperDemo.app */;
			productType = "com.apple.product-type.application";
		};
/* End PBXNativeTarget section */

/* Begin PBXProject section */
		930EEE792875DCBB0002BBF0 /* Project object */ = {
			isa = PBXProject;
			attributes = {
				BuildIndependentTargetsInParallel = 1;
				LastSwiftUpdateCheck = 1330;
				LastUpgradeCheck = 1330;
				TargetAttributes = {
					930EEE802875DCBB0002BBF0 = {
						CreatedOnToolsVersion = 13.3.1;
					};
				};
			};
			buildConfigurationList = 930EEE7C2875DCBB0002BBF0 /* Build configuration list for PBXProject "EthereumWrapperDemo" */;
			compatibilityVersion = "Xcode 13.0";
			developmentRegion = en;
			hasScannedForEncodings = 0;
			knownRegions = (
				en,
				Base,
			);
			mainGroup = 930EEE782875DCBB0002BBF0;
			productRefGroup = 930EEE822875DCBB0002BBF0 /* Products */;
			projectDirPath = "";
			projectRoot = "";
			targets = (
				930EEE802875DCBB0002BBF0 /* EthereumWrapperDemo */,
			);
		};
/* End PBXProject section */

/* Begin PBXResourcesBuildPhase section */
		930EEE7F2875DCBB0002BBF0 /* Resources */ = {
			isa = PBXResourcesBuildPhase;
			buildActionMask = 2147483647;
			files = (
				930EEE8E2875DCBC0002BBF0 /* Assets.xcassets in Resources */,
			);
			runOnlyForDeploymentPostprocessing = 0;
		};
/* End PBXResourcesBuildPhase section */

/* Begin PBXSourcesBuildPhase section */
		930EEE7D2875DCBB0002BBF0 /* Sources */ = {
			isa = PBXSourcesBuildPhase;
			buildActionMask = 2147483647;
			files = (
				846618662A4ED99500EEEAFE /* LogManager.swift in Sources */,
				8466186A2A4EDC4D00EEEAFE /* DelayedAnimation.swift in Sources */,
				846618642A4ED97F00EEEAFE /* DeviceManager.swift in Sources */,
				846618682A4EDC0800EEEAFE /* ButtonView.swift in Sources */,
				846618292A4ECA8D00EEEAFE /* ContentView.swift in Sources */,
				846618622A4ECB4A00EEEAFE /* DemoApp.swift in Sources */,
			);
			runOnlyForDeploymentPostprocessing = 0;
		};
/* End PBXSourcesBuildPhase section */

/* Begin XCBuildConfiguration section */
		930EEE932875DCBC0002BBF0 /* Debug */ = {
			isa = XCBuildConfiguration;
			buildSettings = {
				ALWAYS_SEARCH_USER_PATHS = NO;
				CLANG_ANALYZER_NONNULL = YES;
				CLANG_ANALYZER_NUMBER_OBJECT_CONVERSION = YES_AGGRESSIVE;
				CLANG_CXX_LANGUAGE_STANDARD = "gnu++17";
				CLANG_ENABLE_MODULES = YES;
				CLANG_ENABLE_OBJC_ARC = YES;
				CLANG_ENABLE_OBJC_WEAK = YES;
				CLANG_WARN_BLOCK_CAPTURE_AUTORELEASING = YES;
				CLANG_WARN_BOOL_CONVERSION = YES;
				CLANG_WARN_COMMA = YES;
				CLANG_WARN_CONSTANT_CONVERSION = YES;
				CLANG_WARN_DEPRECATED_OBJC_IMPLEMENTATIONS = YES;
				CLANG_WARN_DIRECT_OBJC_ISA_USAGE = YES_ERROR;
				CLANG_WARN_DOCUMENTATION_COMMENTS = YES;
				CLANG_WARN_EMPTY_BODY = YES;
				CLANG_WARN_ENUM_CONVERSION = YES;
				CLANG_WARN_INFINITE_RECURSION = YES;
				CLANG_WARN_INT_CONVERSION = YES;
				CLANG_WARN_NON_LITERAL_NULL_CONVERSION = YES;
				CLANG_WARN_OBJC_IMPLICIT_RETAIN_SELF = YES;
				CLANG_WARN_OBJC_LITERAL_CONVERSION = YES;
				CLANG_WARN_OBJC_ROOT_CLASS = YES_ERROR;
				CLANG_WARN_QUOTED_INCLUDE_IN_FRAMEWORK_HEADER = YES;
				CLANG_WARN_RANGE_LOOP_ANALYSIS = YES;
				CLANG_WARN_STRICT_PROTOTYPES = YES;
				CLANG_WARN_SUSPICIOUS_MOVE = YES;
				CLANG_WARN_UNGUARDED_AVAILABILITY = YES_AGGRESSIVE;
				CLANG_WARN_UNREACHABLE_CODE = YES;
				CLANG_WARN__DUPLICATE_METHOD_MATCH = YES;
				COPY_PHASE_STRIP = NO;
				DEBUG_INFORMATION_FORMAT = dwarf;
				ENABLE_STRICT_OBJC_MSGSEND = YES;
				ENABLE_TESTABILITY = YES;
				GCC_C_LANGUAGE_STANDARD = gnu11;
				GCC_DYNAMIC_NO_PIC = NO;
				GCC_NO_COMMON_BLOCKS = YES;
				GCC_OPTIMIZATION_LEVEL = 0;
				GCC_PREPROCESSOR_DEFINITIONS = (
					"DEBUG=1",
					"$(inherited)",
				);
				GCC_WARN_64_TO_32_BIT_CONVERSION = YES;
				GCC_WARN_ABOUT_RETURN_TYPE = YES_ERROR;
				GCC_WARN_UNDECLARED_SELECTOR = YES;
				GCC_WARN_UNINITIALIZED_AUTOS = YES_AGGRESSIVE;
				GCC_WARN_UNUSED_FUNCTION = YES;
				GCC_WARN_UNUSED_VARIABLE = YES;
				IPHONEOS_DEPLOYMENT_TARGET = 15.4;
				MTL_ENABLE_DEBUG_INFO = INCLUDE_SOURCE;
				MTL_FAST_MATH = YES;
				ONLY_ACTIVE_ARCH = YES;
				SDKROOT = iphoneos;
				SWIFT_ACTIVE_COMPILATION_CONDITIONS = DEBUG;
				SWIFT_OPTIMIZATION_LEVEL = "-Onone";
			};
			name = Debug;
		};
		930EEE942875DCBC0002BBF0 /* Release */ = {
			isa = XCBuildConfiguration;
			buildSettings = {
				ALWAYS_SEARCH_USER_PATHS = NO;
				CLANG_ANALYZER_NONNULL = YES;
				CLANG_ANALYZER_NUMBER_OBJECT_CONVERSION = YES_AGGRESSIVE;
				CLANG_CXX_LANGUAGE_STANDARD = "gnu++17";
				CLANG_ENABLE_MODULES = YES;
				CLANG_ENABLE_OBJC_ARC = YES;
				CLANG_ENABLE_OBJC_WEAK = YES;
				CLANG_WARN_BLOCK_CAPTURE_AUTORELEASING = YES;
				CLANG_WARN_BOOL_CONVERSION = YES;
				CLANG_WARN_COMMA = YES;
				CLANG_WARN_CONSTANT_CONVERSION = YES;
				CLANG_WARN_DEPRECATED_OBJC_IMPLEMENTATIONS = YES;
				CLANG_WARN_DIRECT_OBJC_ISA_USAGE = YES_ERROR;
				CLANG_WARN_DOCUMENTATION_COMMENTS = YES;
				CLANG_WARN_EMPTY_BODY = YES;
				CLANG_WARN_ENUM_CONVERSION = YES;
				CLANG_WARN_INFINITE_RECURSION = YES;
				CLANG_WARN_INT_CONVERSION = YES;
				CLANG_WARN_NON_LITERAL_NULL_CONVERSION = YES;
				CLANG_WARN_OBJC_IMPLICIT_RETAIN_SELF = YES;
				CLANG_WARN_OBJC_LITERAL_CONVERSION = YES;
				CLANG_WARN_OBJC_ROOT_CLASS = YES_ERROR;
				CLANG_WARN_QUOTED_INCLUDE_IN_FRAMEWORK_HEADER = YES;
				CLANG_WARN_RANGE_LOOP_ANALYSIS = YES;
				CLANG_WARN_STRICT_PROTOTYPES = YES;
				CLANG_WARN_SUSPICIOUS_MOVE = YES;
				CLANG_WARN_UNGUARDED_AVAILABILITY = YES_AGGRESSIVE;
				CLANG_WARN_UNREACHABLE_CODE = YES;
				CLANG_WARN__DUPLICATE_METHOD_MATCH = YES;
				COPY_PHASE_STRIP = NO;
				DEBUG_INFORMATION_FORMAT = "dwarf-with-dsym";
				ENABLE_NS_ASSERTIONS = NO;
				ENABLE_STRICT_OBJC_MSGSEND = YES;
				GCC_C_LANGUAGE_STANDARD = gnu11;
				GCC_NO_COMMON_BLOCKS = YES;
				GCC_WARN_64_TO_32_BIT_CONVERSION = YES;
				GCC_WARN_ABOUT_RETURN_TYPE = YES_ERROR;
				GCC_WARN_UNDECLARED_SELECTOR = YES;
				GCC_WARN_UNINITIALIZED_AUTOS = YES_AGGRESSIVE;
				GCC_WARN_UNUSED_FUNCTION = YES;
				GCC_WARN_UNUSED_VARIABLE = YES;
				IPHONEOS_DEPLOYMENT_TARGET = 15.4;
				MTL_ENABLE_DEBUG_INFO = NO;
				MTL_FAST_MATH = YES;
				SDKROOT = iphoneos;
				SWIFT_COMPILATION_MODE = wholemodule;
				SWIFT_OPTIMIZATION_LEVEL = "-O";
				VALIDATE_PRODUCT = YES;
			};
			name = Release;
		};
		930EEE962875DCBC0002BBF0 /* Debug */ = {
			isa = XCBuildConfiguration;
			buildSettings = {
				ASSETCATALOG_COMPILER_APPICON_NAME = AppIcon;
				ASSETCATALOG_COMPILER_GLOBAL_ACCENT_COLOR_NAME = AccentColor;
				CODE_SIGN_STYLE = Automatic;
				CURRENT_PROJECT_VERSION = 1;
				DEVELOPMENT_TEAM = X6LFS5BQKN;
				GENERATE_INFOPLIST_FILE = YES;
				INFOPLIST_KEY_NSBluetoothAlwaysUsageDescription = "Bluetooth will be used to connect to your devices";
				INFOPLIST_KEY_UIApplicationSupportsIndirectInputEvents = YES;
				INFOPLIST_KEY_UILaunchStoryboardName = "";
				INFOPLIST_KEY_UISupportedInterfaceOrientations_iPad = "UIInterfaceOrientationPortrait UIInterfaceOrientationPortraitUpsideDown UIInterfaceOrientationLandscapeLeft UIInterfaceOrientationLandscapeRight";
				INFOPLIST_KEY_UISupportedInterfaceOrientations_iPhone = "UIInterfaceOrientationPortrait UIInterfaceOrientationLandscapeLeft UIInterfaceOrientationLandscapeRight";
				IPHONEOS_DEPLOYMENT_TARGET = 16.0;
				LD_RUNPATH_SEARCH_PATHS = (
					"$(inherited)",
					"@executable_path/Frameworks",
				);
				MARKETING_VERSION = 1.0.0;
				PRODUCT_BUNDLE_IDENTIFIER = "com.ledger.ethereum-wrapper-demo";
				PRODUCT_NAME = "$(TARGET_NAME)";
				SUPPORTED_PLATFORMS = "iphoneos iphonesimulator macosx";
				SUPPORTS_MACCATALYST = NO;
				SUPPORTS_MAC_DESIGNED_FOR_IPHONE_IPAD = NO;
				SWIFT_EMIT_LOC_STRINGS = YES;
				SWIFT_VERSION = 5.0;
				TARGETED_DEVICE_FAMILY = "1,2";
			};
			name = Debug;
		};
		930EEE972875DCBC0002BBF0 /* Release */ = {
			isa = XCBuildConfiguration;
			buildSettings = {
				ASSETCATALOG_COMPILER_APPICON_NAME = AppIcon;
				ASSETCATALOG_COMPILER_GLOBAL_ACCENT_COLOR_NAME = AccentColor;
				CODE_SIGN_STYLE = Automatic;
				CURRENT_PROJECT_VERSION = 1;
				DEVELOPMENT_TEAM = X6LFS5BQKN;
				GENERATE_INFOPLIST_FILE = YES;
				INFOPLIST_KEY_NSBluetoothAlwaysUsageDescription = "Bluetooth will be used to connect to your devices";
				INFOPLIST_KEY_UIApplicationSupportsIndirectInputEvents = YES;
				INFOPLIST_KEY_UILaunchStoryboardName = "";
				INFOPLIST_KEY_UISupportedInterfaceOrientations_iPad = "UIInterfaceOrientationPortrait UIInterfaceOrientationPortraitUpsideDown UIInterfaceOrientationLandscapeLeft UIInterfaceOrientationLandscapeRight";
				INFOPLIST_KEY_UISupportedInterfaceOrientations_iPhone = "UIInterfaceOrientationPortrait UIInterfaceOrientationLandscapeLeft UIInterfaceOrientationLandscapeRight";
				IPHONEOS_DEPLOYMENT_TARGET = 16.0;
				LD_RUNPATH_SEARCH_PATHS = (
					"$(inherited)",
					"@executable_path/Frameworks",
				);
				MARKETING_VERSION = 1.0.0;
				PRODUCT_BUNDLE_IDENTIFIER = "com.ledger.ethereum-wrapper-demo";
				PRODUCT_NAME = "$(TARGET_NAME)";
				SUPPORTED_PLATFORMS = "iphoneos iphonesimulator macosx";
				SUPPORTS_MACCATALYST = NO;
				SUPPORTS_MAC_DESIGNED_FOR_IPHONE_IPAD = NO;
				SWIFT_EMIT_LOC_STRINGS = YES;
				SWIFT_VERSION = 5.0;
				TARGETED_DEVICE_FAMILY = "1,2";
			};
			name = Release;
		};
/* End XCBuildConfiguration section */

/* Begin XCConfigurationList section */
		930EEE7C2875DCBB0002BBF0 /* Build configuration list for PBXProject "EthereumWrapperDemo" */ = {
			isa = XCConfigurationList;
			buildConfigurations = (
				930EEE932875DCBC0002BBF0 /* Debug */,
				930EEE942875DCBC0002BBF0 /* Release */,
			);
			defaultConfigurationIsVisible = 0;
			defaultConfigurationName = Release;
		};
		930EEE952875DCBC0002BBF0 /* Build configuration list for PBXNativeTarget "EthereumWrapperDemo" */ = {
			isa = XCConfigurationList;
			buildConfigurations = (
				930EEE962875DCBC0002BBF0 /* Debug */,
				930EEE972875DCBC0002BBF0 /* Release */,
			);
			defaultConfigurationIsVisible = 0;
			defaultConfigurationName = Release;
		};
/* End XCConfigurationList section */

/* Begin XCSwiftPackageProductDependency section */
		935C9E2628F76F51003AB05C /* EthWrapper */ = {
			isa = XCSwiftPackageProductDependency;
			productName = EthWrapper;
		};
/* End XCSwiftPackageProductDependency section */
	};
	rootObject = 930EEE792875DCBB0002BBF0 /* Project object */;
}
