{
  "pins" : [
    {
      "identity" : "hw-transport-ios-ble",
      "kind" : "remoteSourceControl",
      "location" : "https://github.com/LedgerHQ/hw-transport-ios-ble",
      "state" : {
        "branch" : "main",
        "revision" : "8e6e221be3e69af540059c191cbfe6b790aa2fba"
      }
    },
    {
      "identity" : "ios-ble-wrapper",
      "kind" : "remoteSourceControl",
      "location" : "https://github.com/LedgerHQ/ios-ble-wrapper",
      "state" : {
        "branch" : "main",
        "revision" : "ac01f6f7536514293d867c1780cc7aa2296496c3"
      }
    }
  ],
  "version" : 2
}
